version = 1
revision = 3
requires-python = ">=3.11"

[[package]]
name = "colorama"
version = "0.4.6"
source = { registry = "https://artsz.zte.com.cn/artifactory/api/pypi/public-pypi-virtual/simple" }
sdist = { url = "https://artsz.zte.com.cn/artifactory/api/pypi/public-pypi-virtual/packages/packages/d8/53/6f443c9a4a8358a93a6792e2acffb9d9d5cb0a5cfd8802644b7b1c9a02e4/colorama-0.4.6.tar.gz", hash = "sha256:08695f5cb7ed6e0531a20572697297273c47b8cae5a63ffc6d6ed5c201be6e44" }
wheels = [
    { url = "https://artsz.zte.com.cn/artifactory/api/pypi/public-pypi-virtual/packages/packages/d1/d6/3965ed04c63042e047cb6a3e6ed1a63a35087b6a609aa3a15ed8ac56c221/colorama-0.4.6-py2.py3-none-any.whl", hash = "sha256:4f1d9991f5acc0ca119f9d443620b77f9d6b33703e51011c16baf57afb285fc6" },
]

[[package]]
name = "greenlet"
version = "3.5.3"
source = { registry = "https://artsz.zte.com.cn/artifactory/api/pypi/public-pypi-virtual/simple" }
sdist = { url = "https://artsz.zte.com.cn/artifactory/api/pypi/public-pypi-virtual/packages/packages/e2/f1/fbbfef6af0bad0548f09bc28948ea3c275b4edb19e17fc5ca9900a6a634d/greenlet-3.5.3.tar.gz", hash = "sha256:a61efc018fd3eb317eeca31aba90ee9e7f26f22884a79b6c6ec715bf71bb62f1" }
wheels = [
    { url = "https://artsz.zte.com.cn/artifactory/api/pypi/public-pypi-virtual/packages/packages/51/58/5404031044f55afad7aad1aff8be3f22b1bed03e237cfeabbc7e5c8cfde0/greenlet-3.5.3-cp311-cp311-macosx_11_0_universal2.whl", hash = "sha256:aca9b4ce85b152b5524ef7d88170efdff80dc0032aa8b75f9aaf7f3479ea95b4" },
    { url = "https://artsz.zte.com.cn/artifactory/api/pypi/public-pypi-virtual/packages/packages/b4/bf/1c65e9b94a54d547068fa5b5a8a06f221f3316b48908e08668d29c77cb50/greenlet-3.5.3-cp311-cp311-manylinux_2_24_aarch64.manylinux_2_28_aarch64.whl", hash = "sha256:0f71be4920368fe1fabeeaa53d1e3548337e2b223d9565f8ad5e392a75ba23fc" },
    { url = "https://artsz.zte.com.cn/artifactory/api/pypi/public-pypi-virtual/packages/packages/b8/c7/b66baacc95775ad511287acb0137b95574a9ce5491902372b7564799d790/greenlet-3.5.3-cp311-cp311-manylinux_2_24_ppc64le.manylinux_2_28_ppc64le.whl", hash = "sha256:4d77e67f65f98449e3fb83f795b5d0a8437aead2f874ca89c96576caf4be3af6" },
    { url = "https://artsz.zte.com.cn/artifactory/api/pypi/public-pypi-virtual/packages/packages/b0/a0/68afd1ebad40db87dac0a28ffa120726b98bf9c7c40c481b0f63c105d298/greenlet-3.5.3-cp311-cp311-manylinux_2_24_s390x.manylinux_2_28_s390x.whl", hash = "sha256:e18619ba655ac05d78d80fc83cac4ba892bd6927b99e3b8237aee861aaacc8bb" },
    { url = "https://artsz.zte.com.cn/artifactory/api/pypi/public-pypi-virtual/packages/packages/78/2b/28ed29463522fdbe4c15b1f63922041626a7478316b34ab4adda3f0a4aba/greenlet-3.5.3-cp311-cp311-manylinux_2_24_x86_64.manylinux_2_28_x86_64.whl", hash = "sha256:8540f1e6205bd13ca0ce685581037219ca54a1b41a0a15d228c6c9b8ad5903d7" },
    { url = "https://artsz.zte.com.cn/artifactory/api/pypi/public-pypi-virtual/packages/packages/07/7f/e327d912239ec4b3b49999e3967389bcf1ee8722b9ee9194d2752ecd558a/greenlet-3.5.3-cp311-cp311-manylinux_2_39_riscv64.whl", hash = "sha256:d27c0c653a60d9535f690226474a5cc1036a8b0d7b57504d1c4f89c44a07a80c" },
    { url = "https://artsz.zte.com.cn/artifactory/api/pypi/public-pypi-virtual/packages/packages/2a/7b/ad04e9d1337fc04965dc9fc616b6a72cb65a24b800a014c011ec812f5489/greenlet-3.5.3-cp311-cp311-musllinux_1_2_aarch64.whl", hash = "sha256:7ef56fe650f50575bf843acde967b9c567687f3c22340941a899b7bc56e956a8" },
    { url = "https://artsz.zte.com.cn/artifactory/api/pypi/public-pypi-virtual/packages/packages/d8/33/6c87ab7ba663f70ca21f3022aad1ffe56d3f3e0521e836c2415e13abcc3c/greenlet-3.5.3-cp311-cp311-musllinux_1_2_x86_64.whl", hash = "sha256:5121af01cf911e70056c00d4b46d5e9b5d1415550038573d744138bacb59e6b8" },
    { url = "https://artsz.zte.com.cn/artifactory/api/pypi/public-pypi-virtual/packages/packages/1c/35/f0d8ee998b422cf8693b270f098e55d8d4ec8006b061b333f54f177d28d9/greenlet-3.5.3-cp311-cp311-win_amd64.whl", hash = "sha256:0f41e4a05a3c0cb31b17023eff28dd111e1d16bf7d7d00406cd7df23f31398a7" },
    { url = "https://artsz.zte.com.cn/artifactory/api/pypi/public-pypi-virtual/packages/packages/fb/96/b9820295576ef18c9edc404f10e260ae7215ceaf3781a54b720ed2627862/greenlet-3.5.3-cp311-cp311-win_arm64.whl", hash = "sha256:ec6f1af59f6b5f3fc9678e2ea062d8377d22ac644f7844cb7a292910cf12ff44" },
    { url = "https://artsz.zte.com.cn/artifactory/api/pypi/public-pypi-virtual/packages/packages/5d/6e/4c37d51a2b7f82d2ff11bb6b5f7d766d9a011726624af255e843727627a3/greenlet-3.5.3-cp312-cp312-macosx_11_0_universal2.whl", hash = "sha256:719757059f5a53fd0dde23f78cffeafcdd97b21c850ddb7ca684a3c1a1f122e2" },
    { url = "https://artsz.zte.com.cn/artifactory/api/pypi/public-pypi-virtual/packages/packages/7a/73/815dd90131c1b71ebdf53dbc7c276cafec2a1173b97559f97aba72724a87/greenlet-3.5.3-cp312-cp312-manylinux_2_24_aarch64.manylinux_2_28_aarch64.whl", hash = "sha256:efa9f765dd09f9d0cdac651ffdf631ee59ec5dc6ee7a73e0c012ba9c52fbdf5b" },
    { url = "https://artsz.zte.com.cn/artifactory/api/pypi/public-pypi-virtual/packages/packages/9f/57/079cfe76bcef36b153b25607ee91c6fcb58f17f8b23c86bbbeabe0c88d72/greenlet-3.5.3-cp312-cp312-manylinux_2_24_ppc64le.manylinux_2_28_ppc64le.whl", hash = "sha256:7faba15ac005376e02a0384504e0243be3370ce010296a44a820feb342b505ab" },
    { url = "https://artsz.zte.com.cn/artifactory/api/pypi/public-pypi-virtual/packages/packages/fb/fb/d97dc261209c80744b7c8132693a30d70ec6e7315e632cb0a10b3fec94dd/greenlet-3.5.3-cp312-cp312-manylinux_2_24_s390x.manylinux_2_28_s390x.whl", hash = "sha256:5795cd1101371140551c645f2d408b8d3c01a5a29cf8a9bce6e759c983682d23" },
    { url = "https://artsz.zte.com.cn/artifactory/api/pypi/public-pypi-virtual/packages/packages/37/87/b4d095775a3fb1bcafbb483fc206b27ebb785724c83051447737085dc54e/greenlet-3.5.3-cp312-cp312-manylinux_2_24_x86_64.manylinux_2_28_x86_64.whl", hash = "sha256:87142215824be6ac05e2e8e2786eec307ccbc27c36723c3881959df654af6861" },
    { url = "https://artsz.zte.com.cn/artifactory/api/pypi/public-pypi-virtual/packages/packages/8e/ac/e5fee13cbbd0e8de312d9a146584b8a51891c68847330ef9dc8b5109d23f/greenlet-3.5.3-cp312-cp312-manylinux_2_39_riscv64.whl", hash = "sha256:af4923b3096e26a36d7e9cf24ab88083a20f97d191e3b97f253731ce9b41b28c" },
    { url = "https://artsz.zte.com.cn/artifactory/api/pypi/public-pypi-virtual/packages/packages/8a/70/7559b609683650fa2b95b8ab84b4ab0b26556a635d19675e12aa832d826d/greenlet-3.5.3-cp312-cp312-musllinux_1_2_aarch64.whl", hash = "sha256:215275b1b49320987352e6c1b054acca0064f965a2c66992bed9a6f7d913f149" },
    { url = "https://artsz.zte.com.cn/artifactory/api/pypi/public-pypi-virtual/packages/packages/ae/73/be55392074c60fc37655ca40fa6022457bfbf6718e9e342a7b0b41f96dd2/greenlet-3.5.3-cp312-cp312-musllinux_1_2_x86_64.whl", hash = "sha256:6b1b0eed82364b0e32c4ea0f221452d33e6bb17ae094d9f72aed9851812747ea" },
    { url = "https://artsz.zte.com.cn/artifactory/api/pypi/public-pypi-virtual/packages/packages/14/40/c57489acf8e37d74e2913d4eff63aa0dba17acccc4bdeef874dde2dbbec9/greenlet-3.5.3-cp312-cp312-win_amd64.whl", hash = "sha256:cde8adafa2365676f74a979744629589999093bc86e2484214f58e61df08902c" },
    { url = "https://artsz.zte.com.cn/artifactory/api/pypi/public-pypi-virtual/packages/packages/71/fd/6fea0e3d6600f785069481ee637e09378dd4118acdfd38ad88ae2db31c98/greenlet-3.5.3-cp312-cp312-win_arm64.whl", hash = "sha256:c4e7b79d83805475f0102008843f6eb45fd3bb0b2e88c774adab5fbaab27117d" },
    { url = "https://artsz.zte.com.cn/artifactory/api/pypi/public-pypi-virtual/packages/packages/9b/ff/a620267401db30a50cc8450ee90730e2d4a85658c055c0e760d4ed47fb13/greenlet-3.5.3-cp313-cp313-macosx_11_0_universal2.whl", hash = "sha256:c8d87c2134d871df96ecdea9cec7cbaab286dadab0f56476e57aaf9e8ac11550" },
    { url = "https://artsz.zte.com.cn/artifactory/api/pypi/public-pypi-virtual/packages/packages/d6/fa/5401ac78021c826a25b6dde0c705e0a8f29b617509f9185a31dac15fbe1b/greenlet-3.5.3-cp313-cp313-manylinux_2_24_aarch64.manylinux_2_28_aarch64.whl", hash = "sha256:a2d185dd1621757e70c3861cceffd5317ab4e7ed7eb09c82994828468527ade5" },
    { url = "https://artsz.zte.com.cn/artifactory/api/pypi/public-pypi-virtual/packages/packages/e9/76/1dc144a2e56e65d36405078ed774224375ea520a1870a6e46e08bb4ac7bf/greenlet-3.5.3-cp313-cp313-manylinux_2_24_ppc64le.manylinux_2_28_ppc64le.whl", hash = "sha256:1c514a468149bf8fbbab874188a3535cd8a48a3e353eb53a3d424296f8dbacd3" },
    { url = "https://artsz.zte.com.cn/artifactory/api/pypi/public-pypi-virtual/packages/packages/57/61/2f5b1adf256d039f5dab8005de8d3d7ad2b0070a3219c0e036b3fbfeb440/greenlet-3.5.3-cp313-cp313-manylinux_2_24_s390x.manylinux_2_28_s390x.whl", hash = "sha256:9ad04dd75458c6300b047c61b8639092433d205a25a14e310d6582a480efcca1" },
    { url = "https://artsz.zte.com.cn/artifactory/api/pypi/public-pypi-virtual/packages/packages/bf/87/c298cee62df1de4ad7fec32abda73526cff347fd143a6ed4ac369246668a/greenlet-3.5.3-cp313-cp313-manylinux_2_24_x86_64.manylinux_2_28_x86_64.whl", hash = "sha256:915f887cf2682b66419b879423a2e072634aa7b7dce6f3ada4957cfced3f1e9a" },
    { url = "https://artsz.zte.com.cn/artifactory/api/pypi/public-pypi-virtual/packages/packages/3e/d9/ab7fc9e543e44d6879b0a6ef9a4b2188940fd180cc65d6f646883ddf7201/greenlet-3.5.3-cp313-cp313-manylinux_2_39_riscv64.whl", hash = "sha256:afaabdd554cd7ae9bbb3ca070b0d7fdfd207dbf1d16865f7233837709d354bda" },
    { url = "https://artsz.zte.com.cn/artifactory/api/pypi/public-pypi-virtual/packages/packages/9e/2e/e6f009885ed0705ccf33fe0583c117cfd03cde77e31a596dd5785a30762b/greenlet-3.5.3-cp313-cp313-musllinux_1_2_aarch64.whl", hash = "sha256:766cfd421c13e450feb340cd472a3ed9957d438727b7b4593ad7c76c5d2b0deb" },
    { url = "https://artsz.zte.com.cn/artifactory/api/pypi/public-pypi-virtual/packages/packages/ef/fe/43fd110b01e40da0adb7c90ac7ea744bef2d43dca00de5095fd2351c2a68/greenlet-3.5.3-cp313-cp313-musllinux_1_2_x86_64.whl", hash = "sha256:2ecda9ec22edf38fa389369eaed8c3d37c05f3c54e69f69438dbb2cc1de1458b" },
    { url = "https://artsz.zte.com.cn/artifactory/api/pypi/public-pypi-virtual/packages/packages/0f/7c/062447147a61f8b4337b156fe70d32a165fcf2f89d7ca6255e572806705c/greenlet-3.5.3-cp313-cp313-win_amd64.whl", hash = "sha256:c82304750f057167ff60d188df1d0cc1764ce9567eadf03e6a7443bcedd0b30b" },
    { url = "https://artsz.zte.com.cn/artifactory/api/pypi/public-pypi-virtual/packages/packages/c7/7e/220a7f5824a64a60443fc03b39dfac4ea63a7fb6d481efa27eafa928e7f4/greenlet-3.5.3-cp313-cp313-win_arm64.whl", hash = "sha256:dc133a1569ee667b2a6ef56ce551084aeefd87a5acbc4736d336d1e2edc6cfc4" },
    { url = "https://artsz.zte.com.cn/artifactory/api/pypi/public-pypi-virtual/packages/packages/c3/93/43e116ee114b28737ba7e12952a0d4e2f55944d0f84e42bc91ba7192a3c9/greenlet-3.5.3-cp314-cp314-macosx_11_0_universal2.whl", hash = "sha256:fd2e02fa07485778536a036222d616ab957b1d533f36b3ed98ce725d9c9d3117" },
    { url = "https://artsz.zte.com.cn/artifactory/api/pypi/public-pypi-virtual/packages/packages/82/2f/146d218299046a43d1f029fd544b3d110d0f175a09c715c7e8da4a4a345d/greenlet-3.5.3-cp314-cp314-manylinux_2_24_aarch64.manylinux_2_28_aarch64.whl", hash = "sha256:df0a0628d1597eb0897b62f55d1343f772405fd25f3b2a796c76874b0c2e22e8" },
    { url = "https://artsz.zte.com.cn/artifactory/api/pypi/public-pypi-virtual/packages/packages/a0/cc/04738cafb3f45fa991ea44f9de94c47dcec964f5a972300988a6751f49d9/greenlet-3.5.3-cp314-cp314-manylinux_2_24_ppc64le.manylinux_2_28_ppc64le.whl", hash = "sha256:ebd933a6adabc298bab47731a130fe6bfb888bd934eee37810f151159544540d" },
    { url = "https://artsz.zte.com.cn/artifactory/api/pypi/public-pypi-virtual/packages/packages/86/a9/73fa62893d5b84b4205544e6b673c654cc43aa5b9899bac00f04d64af73d/greenlet-3.5.3-cp314-cp314-manylinux_2_24_s390x.manylinux_2_28_s390x.whl", hash = "sha256:8d19fe6c39ebff9259f07bcc685d3290f8fa4ea2278e51dd0008e4d6b0f2d814" },
    { url = "https://artsz.zte.com.cn/artifactory/api/pypi/public-pypi-virtual/packages/packages/ce/aa/4e0dad5e605c270c784ab911c43da6adb136ccd4d81180f763ca429a723d/greenlet-3.5.3-cp314-cp314-manylinux_2_24_x86_64.manylinux_2_28_x86_64.whl", hash = "sha256:4b9d501b40e80b70e32323c799dd9b420a5577a9601469d362ae1ffb690f3a7c" },
    { url = "https://artsz.zte.com.cn/artifactory/api/pypi/public-pypi-virtual/packages/packages/29/7e/2ffce64929fb3cab7b65d5a0b20aaf9764e227681d731b041077fc9a525a/greenlet-3.5.3-cp314-cp314-manylinux_2_39_riscv64.whl", hash = "sha256:962c5df2db8cb446da51edf1ca5296c389d93b99c9d8aa2ee4c7d0d8f1218260" },
    { url = "https://artsz.zte.com.cn/artifactory/api/pypi/public-pypi-virtual/packages/packages/d1/50/13efdbea246fe3d3b735e191fec08fb50809f53cd2383ebe123d0809e44b/greenlet-3.5.3-cp314-cp314-musllinux_1_2_aarch64.whl", hash = "sha256:a1fad1d11e7d6aab184107baa8e4ece11ccba3ec9599cd7efa5ff4d70d43256a" },
    { url = "https://artsz.zte.com.cn/artifactory/api/pypi/public-pypi-virtual/packages/packages/f7/22/c0a336ae4a1410fd5f5121098e5bfbf1865f64c5ef80b4b5412886c4a332/greenlet-3.5.3-cp314-cp314-musllinux_1_2_x86_64.whl", hash = "sha256:fad5aec764399f1b5cc347ad250a59660f20c8f8888ea6bae1f93b769cce1154" },
    { url = "https://artsz.zte.com.cn/artifactory/api/pypi/public-pypi-virtual/packages/packages/7a/94/91aec0030bea75c4b3244251d0de60a1f3432d1ecb53ab6c437fb5c3ba61/greenlet-3.5.3-cp314-cp314-win_amd64.whl", hash = "sha256:7669aa24cf2a1041d6f7899575b494a3ab4cf68bfcc8609b1dc0be7272db835e" },
    { url = "https://artsz.zte.com.cn/artifactory/api/pypi/public-pypi-virtual/packages/packages/e5/06/68d0983e79e02138f64b4d303c500c27ddb48e5e77f3debb80888a921eae/greenlet-3.5.3-cp314-cp314-win_arm64.whl", hash = "sha256:5b4807c4082c9d1b6d9eed56fcd041863e37f2228106eef24c30ca096e238605" },
    { url = "https://artsz.zte.com.cn/artifactory/api/pypi/public-pypi-virtual/packages/packages/91/95/3e161213d7f1d378d15aa9e792093e9bfe01844680d04b7fd6e0107c9098/greenlet-3.5.3-cp314-cp314t-macosx_11_0_universal2.whl", hash = "sha256:271a8ea7c1024e8a0d7dd2be66dd66dda8a07193f41a17b9e924f7600f5b62be" },
    { url = "https://artsz.zte.com.cn/artifactory/api/pypi/public-pypi-virtual/packages/packages/00/92/715c44721abe2b4d1ae9abde4179411868a5bff312479f54e105d372f131/greenlet-3.5.3-cp314-cp314t-manylinux_2_24_aarch64.manylinux_2_28_aarch64.whl", hash = "sha256:19131729ae0ddc3c2e1ef85e650169b5e37ee32e400f215f78b94d7b0d567310" },
    { url = "https://artsz.zte.com.cn/artifactory/api/pypi/public-pypi-virtual/packages/packages/a0/83/37a10372a1090a6624cca8e74c12df1a36c2dc36429ed0255b7fb1aeee23/greenlet-3.5.3-cp314-cp314t-manylinux_2_24_ppc64le.manylinux_2_28_ppc64le.whl", hash = "sha256:1540dd8e5fc2a5aec40fbb98ef8e149fa47c89a4b4a1cf2575a14d3d1869d7a8" },
    { url = "https://artsz.zte.com.cn/artifactory/api/pypi/public-pypi-virtual/packages/packages/cb/73/8faec206b851c22b1733545fda900829a1f3f5b1c78ae7e0fb3dba57d9f4/greenlet-3.5.3-cp314-cp314t-manylinux_2_24_s390x.manylinux_2_28_s390x.whl", hash = "sha256:b897d97759425953f69a9c0fac67f8fe333ec0ce7377ef186fb2b0c3ad5e354d" },
    { url = "https://artsz.zte.com.cn/artifactory/api/pypi/public-pypi-virtual/packages/packages/db/e2/d1509cad4207da559cc42986ecdd8fc67ad0d1bba2bf03023c467fd5e0f3/greenlet-3.5.3-cp314-cp314t-manylinux_2_24_x86_64.manylinux_2_28_x86_64.whl", hash = "sha256:e81fa194a1d20967877bdf9c7794db2bc99063e5be36aee710c08f04c5bb087f" },
    { url = "https://artsz.zte.com.cn/artifactory/api/pypi/public-pypi-virtual/packages/packages/b4/55/50c19e49f8045834ada71ef12f8ad048eba8517c6aa41161bed676328fae/greenlet-3.5.3-cp314-cp314t-manylinux_2_39_riscv64.whl", hash = "sha256:3236754d423955ea08e9bb5f6c04a7895f9e22c290b66aa7653fcb922d839eb0" },
    { url = "https://artsz.zte.com.cn/artifactory/api/pypi/public-pypi-virtual/packages/packages/86/7d/eaf70de20aadca3a5884aec58362861c64ce45e7b277f47ed026926a3b89/greenlet-3.5.3-cp314-cp314t-musllinux_1_2_aarch64.whl", hash = "sha256:55cf4d777485d43110e47133cbba6d74a8885a87ec1227ef0267f9ee80c5aa21" },
    { url = "https://artsz.zte.com.cn/artifactory/api/pypi/public-pypi-virtual/packages/packages/8a/f9/414d38fc400ae4350d4185eaad1827676f7cf5287b9136e0ed1cbbe20a7f/greenlet-3.5.3-cp314-cp314t-musllinux_1_2_x86_64.whl", hash = "sha256:12a248ba75f6a9a236375f52296c498c89ff1d8badf32deb9eca7abd5853f7da" },
    { url = "https://artsz.zte.com.cn/artifactory/api/pypi/public-pypi-virtual/packages/packages/e4/15/7edb977e08f9bff702fe42d6c902702786ff6b9694058b4e6a2a6ac90e57/greenlet-3.5.3-cp314-cp314t-win_amd64.whl", hash = "sha256:efc6bd60ea02e085862c74a3ef64b147ffc6f1a5ea7d9f26e7a939943f68c1e3" },
    { url = "https://artsz.zte.com.cn/artifactory/api/pypi/public-pypi-virtual/packages/packages/2c/8a/93928dce91e6b3598b5e779e8d1fd6576a504640c58e78627077f6a7a91a/greenlet-3.5.3-cp315-cp315-macosx_11_0_universal2.whl", hash = "sha256:ea03f2f04367845d6b58eeed276e1e56e51f0b97d8ad5a88a7d20a91dc9056cc" },
    { url = "https://artsz.zte.com.cn/artifactory/api/pypi/public-pypi-virtual/packages/packages/4f/ca/69db42d447a1378043e2c8f19c09cbbd1263371505053c496b49066d3d16/greenlet-3.5.3-cp315-cp315-manylinux_2_24_aarch64.manylinux_2_28_aarch64.whl", hash = "sha256:78dbef602fda6d97d957eb7937f70c9ce9e9527330347f8f6b6f9e554a9e7a47" },
    { url = "https://artsz.zte.com.cn/artifactory/api/pypi/public-pypi-virtual/packages/packages/a8/0b/af7ac2ef8dd41e3da1a40dda6305c23b9a03e13ba975ec916357b50f8575/greenlet-3.5.3-cp315-cp315-manylinux_2_24_ppc64le.manylinux_2_28_ppc64le.whl", hash = "sha256:6f73857adb8fee13fa56c172bd11262f888c0c648f9fea113e777bb2c7904a81" },
    { url = "https://artsz.zte.com.cn/artifactory/api/pypi/public-pypi-virtual/packages/packages/25/aa/952cf28c2ff949a8c971134fb43854dd7eaa737218723aaef758f8c9aead/greenlet-3.5.3-cp315-cp315-manylinux_2_24_s390x.manylinux_2_28_s390x.whl", hash = "sha256:cefa9cef4b371f9844c6053db71f1138bc6807bab1578b0dae5149c1f1141357" },
    { url = "https://artsz.zte.com.cn/artifactory/api/pypi/public-pypi-virtual/packages/packages/51/1e/1d51640cacbfc455dbe9f9a9f594c49e4e244f63b9971a2f4764e46cc53d/greenlet-3.5.3-cp315-cp315-manylinux_2_24_x86_64.manylinux_2_28_x86_64.whl", hash = "sha256:232fec92e823addaf02d9472cf7381e24a1d046a6ced1103c5caa4c21b9dfc1d" },
    { url = "https://artsz.zte.com.cn/artifactory/api/pypi/public-pypi-virtual/packages/packages/dc/f2/b00d6f5e63e531a93562b2ec1a4c320fbee91f580fc42e6417af69d706e5/greenlet-3.5.3-cp315-cp315-manylinux_2_39_riscv64.whl", hash = "sha256:6219b6d04dbf6ba6084d77dc609e8473060dc55f759cbf626d512122781fa128" },
    { url = "https://artsz.zte.com.cn/artifactory/api/pypi/public-pypi-virtual/packages/packages/21/66/4030d5b0b5894500023f003bb054d9bb354dfbd1e186c3a296759172f5f5/greenlet-3.5.3-cp315-cp315-musllinux_1_2_aarch64.whl", hash = "sha256:2421c3564da9429d5586d46ca31ebb26516b5498a802cf65c041a8e8a8980d34" },
    { url = "https://artsz.zte.com.cn/artifactory/api/pypi/public-pypi-virtual/packages/packages/0e/50/5221371c7550108dfa3c378debc41d032aa9c78e89abb01d8011cfc93289/greenlet-3.5.3-cp315-cp315-musllinux_1_2_x86_64.whl", hash = "sha256:e0f0d160f0b2e558e6c75f7930967183255dc9735e5f5b8cae58ee09c9576d8b" },
    { url = "https://artsz.zte.com.cn/artifactory/api/pypi/public-pypi-virtual/packages/packages/68/5d/00d469daae3c65d2bf620b10eee82eb022127d483c6bc8c69fae6f3fbf17/greenlet-3.5.3-cp315-cp315-win_amd64.whl", hash = "sha256:dd99329bbc15ca78dcc583dba05d0b1b0bae01ab6c2174989f5aaee3e41ac930" },
    { url = "https://artsz.zte.com.cn/artifactory/api/pypi/public-pypi-virtual/packages/packages/e7/e8/883785b44c5780ed71e83d3e4437e710470be17a2e181e8b601e2da0dc4a/greenlet-3.5.3-cp315-cp315-win_arm64.whl", hash = "sha256:499fef2acede88c1864a57bb586b4bf533c81e1b82df7ab93451cdb47dfec227" },
    { url = "https://artsz.zte.com.cn/artifactory/api/pypi/public-pypi-virtual/packages/packages/1c/da/4f4a8450962fad137c1c8981a3f1b8919d06c829993d4d476f9c525d5173/greenlet-3.5.3-cp315-cp315t-macosx_11_0_universal2.whl", hash = "sha256:176bc16a721fa5fc294d70b87b4dfa5fbdd251b3da5d5372735ecef9bd7d6d0c" },
    { url = "https://artsz.zte.com.cn/artifactory/api/pypi/public-pypi-virtual/packages/packages/57/66/b3bfae3e220a9b63ea539a0eea681800c69ab1aada757eae8789f183e7ce/greenlet-3.5.3-cp315-cp315t-manylinux_2_24_aarch64.manylinux_2_28_aarch64.whl", hash = "sha256:629b614d2b786e89c50440e246f33eea78f58a962d0bdbbcc809e6d13605903f" },
    { url = "https://artsz.zte.com.cn/artifactory/api/pypi/public-pypi-virtual/packages/packages/7b/81/b6d4d73a709684fc77e7fa034d7c2fe82cffa9fc920fadcaa659c2626213/greenlet-3.5.3-cp315-cp315t-manylinux_2_24_ppc64le.manylinux_2_28_ppc64le.whl", hash = "sha256:2b2e857ae16f5f72142edf75f9f176fe7526ba19a2841df1420516f83831c9f2" },
    { url = "https://artsz.zte.com.cn/artifactory/api/pypi/public-pypi-virtual/packages/packages/e9/39/0e0938a75115b939d42733a2a12e1d349653c9531fe6fe563e8a681f04e6/greenlet-3.5.3-cp315-cp315t-manylinux_2_24_s390x.manylinux_2_28_s390x.whl", hash = "sha256:16d192579ed281051396dddd7f7754dac6259e6b1fb26378c87b66622f8e3f91" },
    { url = "https://artsz.zte.com.cn/artifactory/api/pypi/public-pypi-virtual/packages/packages/f5/07/e210b02b589f16e74ff48b730690e4a34ffe984219fce4f3c1a0e7ec8545/greenlet-3.5.3-cp315-cp315t-manylinux_2_24_x86_64.manylinux_2_28_x86_64.whl", hash = "sha256:e515757e2e36bcbf1fad09a46e1557e8b1ae1797d4b44d09da7deed88ad28608" },
    { url = "https://artsz.zte.com.cn/artifactory/api/pypi/public-pypi-virtual/packages/packages/5b/41/35d1c678cdb3c3b9e6bee691728e563cfb294202b23c7a4c3c2ccc343589/greenlet-3.5.3-cp315-cp315t-manylinux_2_39_riscv64.whl", hash = "sha256:4399eb8d041f20b68d943918bc55502a93d6fdc0a37c14da7881c04139acee9d" },
    { url = "https://artsz.zte.com.cn/artifactory/api/pypi/public-pypi-virtual/packages/packages/eb/2e/5303eb3fa06bca089060f479707182a93e360683bc252acf846c3090d34e/greenlet-3.5.3-cp315-cp315t-musllinux_1_2_aarch64.whl", hash = "sha256:b363d46ed1ea431825fdb01471bb024fc08399bad1572a616e853c7684415adb" },
    { url = "https://artsz.zte.com.cn/artifactory/api/pypi/public-pypi-virtual/packages/packages/54/70/50de47a488f14df260b50ae34fb5d56016e308b098eab02c878b5223c26a/greenlet-3.5.3-cp315-cp315t-musllinux_1_2_x86_64.whl", hash = "sha256:e44da2f5bbdaabaf7d80b73dbb430c7035771e9f244e3c8b769715c9d8fa0a16" },
    { url = "https://artsz.zte.com.cn/artifactory/api/pypi/public-pypi-virtual/packages/packages/a7/13/1055e1dda7882073eda533e2b96c62e55bbd2db7fda6d5ece992febc7071/greenlet-3.5.3-cp315-cp315t-win_amd64.whl", hash = "sha256:8ff8bed3e3baa20a3ea261ce00526f1898ad4801d4886fd2220580ee0ad8fadf" },
    { url = "https://artsz.zte.com.cn/artifactory/api/pypi/public-pypi-virtual/packages/packages/b4/0d/ca7d15afbdc397e3401134c9e1800d51d12b829661786187a4ad08fe484f/greenlet-3.5.3-cp315-cp315t-win_arm64.whl", hash = "sha256:b7068bd09f761f3f5b4d214c2bed063186b2a86148c740b3873e3f56d79bac31" },
]

[[package]]
name = "iniconfig"
version = "2.3.0"
source = { registry = "https://artsz.zte.com.cn/artifactory/api/pypi/public-pypi-virtual/simple" }
sdist = { url = "https://artsz.zte.com.cn/artifactory/api/pypi/public-pypi-virtual/packages/packages/72/34/14ca021ce8e5dfedc35312d08ba8bf51fdd999c576889fc2c24cb97f4f10/iniconfig-2.3.0.tar.gz", hash = "sha256:c76315c77db068650d49c5b56314774a7804df16fee4402c1f19d6d15d8c4730" }
wheels = [
    { url = "https://artsz.zte.com.cn/artifactory/api/pypi/public-pypi-virtual/packages/packages/cb/b1/3846dd7f199d53cb17f49cba7e651e9ce294d8497c8c150530ed11865bb8/iniconfig-2.3.0-py3-none-any.whl", hash = "sha256:f631c04d2c48c52b84d0d0549c99ff3859c98df65b3101406327ecc7d53fbf12" },
]

[[package]]
name = "loreloop"
version = "0.1.0"
source = { editable = "." }

[package.optional-dependencies]
dev = [
    { name = "pytest" },
    { name = "ruff" },
]
web = [
    { name = "playwright" },
]

[package.metadata]
requires-dist = [
    { name = "playwright", marker = "extra == 'web'", specifier = ">=1.40" },
    { name = "pytest", marker = "extra == 'dev'", specifier = ">=8.0" },
    { name = "ruff", marker = "extra == 'dev'", specifier = ">=0.4" },
]
provides-extras = ["web", "dev"]

[[package]]
name = "packaging"
version = "26.2"
source = { registry = "https://artsz.zte.com.cn/artifactory/api/pypi/public-pypi-virtual/simple" }
sdist = { url = "https://artsz.zte.com.cn/artifactory/api/pypi/public-pypi-virtual/packages/packages/d7/f1/e7a6dd94a8d4a5626c03e4e99c87f241ba9e350cd9e6d75123f992427270/packaging-26.2.tar.gz", hash = "sha256:ff452ff5a3e828ce110190feff1178bb1f2ea2281fa2075aadb987c2fb221661" }
wheels = [
    { url = "https://artsz.zte.com.cn/artifactory/api/pypi/public-pypi-virtual/packages/packages/df/b2/87e62e8c3e2f4b32e5fe99e0b86d576da1312593b39f47d8ceef365e95ed/packaging-26.2-py3-none-any.whl", hash = "sha256:5fc45236b9446107ff2415ce77c807cee2862cb6fac22b8a73826d0693b0980e" },
]

[[package]]
name = "playwright"
version = "1.61.0"
source = { registry = "https://artsz.zte.com.cn/artifactory/api/pypi/public-pypi-virtual/simple" }
dependencies = [
    { name = "greenlet" },
    { name = "pyee" },
]
wheels = [
    { url = "https://artsz.zte.com.cn/artifactory/api/pypi/public-pypi-virtual/packages/packages/44/ee/31e4e0db36588b817a10b299a0285082545fde7d36543c2abe498bb3d61a/playwright-1.61.0-py3-none-macosx_10_13_x86_64.whl", hash = "sha256:ff138c3a604f69911e9d42fd036e55c2a171e5616edf04c1e7f60a2a285540b0" },
    { url = "https://artsz.zte.com.cn/artifactory/api/pypi/public-pypi-virtual/packages/packages/42/35/71395dd3ecc798965be4a3ef8c443217d4abca168e7cb34536304f9489e6/playwright-1.61.0-py3-none-macosx_11_0_arm64.whl", hash = "sha256:009588c2a7e499bc5a8b425b61fa65490968bbda9cd69e0cf2cff10f8304659a" },
    { url = "https://artsz.zte.com.cn/artifactory/api/pypi/public-pypi-virtual/packages/packages/f4/44/323164cf5cd1647bdefce76ffce27651aadb959d089b48f53ea40918276e/playwright-1.61.0-py3-none-macosx_11_0_universal2.whl", hash = "sha256:9f7de4536088d12037c13a52b7ea34b59270b78926bb56935070597ffac6b1af" },
    { url = "https://artsz.zte.com.cn/artifactory/api/pypi/public-pypi-virtual/packages/packages/ab/f8/a35bf179e4ba2522c1893635094a64e407572547bd61528820fc0abc87fe/playwright-1.61.0-py3-none-manylinux1_x86_64.whl", hash = "sha256:54f3b39f6eab832e33458c1dd7da0b5682aedab3b09ae731b5c59fa12fd2024e" },
    { url = "https://artsz.zte.com.cn/artifactory/api/pypi/public-pypi-virtual/packages/packages/b7/eb/e3f922348ec17c315f98c463f72faa1181a1c3de0bfe31a8d2edf6561723/playwright-1.61.0-py3-none-manylinux_2_17_aarch64.manylinux2014_aarch64.whl", hash = "sha256:93454322ade8c11d5d6c211bfd91bdfb9ffb4810e3e026371bcbc4bec1b7ee4c" },
    { url = "https://artsz.zte.com.cn/artifactory/api/pypi/public-pypi-virtual/packages/packages/c2/a6/5be4e52b40a9c0c8a073e7c5b0785c05cf5a9ea8f8a7b5b260e32d970342/playwright-1.61.0-py3-none-win32.whl", hash = "sha256:372d55a6f1248fa1dd47599686980cb8fb5bbe6fcda59eab793eb657c11d8a9b" },
    { url = "https://artsz.zte.com.cn/artifactory/api/pypi/public-pypi-virtual/packages/packages/6c/fd/2b78036e5fbe9d5f5645bbe08a1eac7160c51243c0093963edbcf67c35d9/playwright-1.61.0-py3-none-win_amd64.whl", hash = "sha256:35c6cc4589a5d00964a59d7b3e59641e0aac0c02f15479a7af77d20f6bc79597" },
    { url = "https://artsz.zte.com.cn/artifactory/api/pypi/public-pypi-virtual/packages/packages/27/0d/1b0f3c4ee4eb0514bc805b5c2f9a223e5b6de4f11a926f5235d51d0fc81b/playwright-1.61.0-py3-none-win_arm64.whl", hash = "sha256:e9fcbffcf557a8620fdedd92491eb59a32d18e23d6f3b4f6214b952be324fe51" },
]

[[package]]
name = "pluggy"
version = "1.6.0"
source = { registry = "https://artsz.zte.com.cn/artifactory/api/pypi/public-pypi-virtual/simple" }
sdist = { url = "https://artsz.zte.com.cn/artifactory/api/pypi/public-pypi-virtual/packages/packages/f9/e2/3e91f31a7d2b083fe6ef3fa267035b518369d9511ffab804f839851d2779/pluggy-1.6.0.tar.gz", hash = "sha256:7dcc130b76258d33b90f61b658791dede3486c3e6bfb003ee5c9bfb396dd22f3" }
wheels = [
    { url = "https://artsz.zte.com.cn/artifactory/api/pypi/public-pypi-virtual/packages/packages/54/20/4d324d65cc6d9205fabedc306948156824eb9f0ee1633355a8f7ec5c66bf/pluggy-1.6.0-py3-none-any.whl", hash = "sha256:e920276dd6813095e9377c0bc5566d94c932c33b27a3e3945d8389c374dd4746" },
]

[[package]]
name = "pyee"
version = "13.0.1"
source = { registry = "https://artsz.zte.com.cn/artifactory/api/pypi/public-pypi-virtual/simple" }
dependencies = [
    { name = "typing-extensions" },
]
sdist = { url = "https://artsz.zte.com.cn/artifactory/api/pypi/public-pypi-virtual/packages/packages/8b/04/e7c1fe4dc78a6fdbfd6c337b1c3732ff543b8a397683ab38378447baa331/pyee-13.0.1.tar.gz", hash = "sha256:0b931f7c14535667ed4c7e0d531716368715e860b988770fc7eb8578d1f67fc8" }
wheels = [
    { url = "https://artsz.zte.com.cn/artifactory/api/pypi/public-pypi-virtual/packages/packages/a0/c4/b4d4827c93ef43c01f599ef31453ccc1c132b353284fc6c87d535c233129/pyee-13.0.1-py3-none-any.whl", hash = "sha256:af2f8fede4171ef667dfded53f96e2ed0d6e6bd7ee3bb46437f77e3b57689228" },
]

[[package]]
name = "pygments"
version = "2.20.0"
source = { registry = "https://artsz.zte.com.cn/artifactory/api/pypi/public-pypi-virtual/simple" }
sdist = { url = "https://artsz.zte.com.cn/artifactory/api/pypi/public-pypi-virtual/packages/packages/c3/b2/bc9c9196916376152d655522fdcebac55e66de6603a76a02bca1b6414f6c/pygments-2.20.0.tar.gz", hash = "sha256:6757cd03768053ff99f3039c1a36d6c0aa0b263438fcab17520b30a303a82b5f" }
wheels = [
    { url = "https://artsz.zte.com.cn/artifactory/api/pypi/public-pypi-virtual/packages/packages/f4/7e/a72dd26f3b0f4f2bf1dd8923c85f7ceb43172af56d63c7383eb62b332364/pygments-2.20.0-py3-none-any.whl", hash = "sha256:81a9e26dd42fd28a23a2d169d86d7ac03b46e2f8b59ed4698fb4785f946d0176" },
]

[[package]]
name = "pytest"
version = "9.1.1"
source = { registry = "https://artsz.zte.com.cn/artifactory/api/pypi/public-pypi-virtual/simple" }
dependencies = [
    { name = "colorama", marker = "sys_platform == 'win32'" },
    { name = "iniconfig" },
    { name = "packaging" },
    { name = "pluggy" },
    { name = "pygments" },
]
sdist = { url = "https://artsz.zte.com.cn/artifactory/api/pypi/public-pypi-virtual/packages/packages/e4/47/b9efed96c114afcfa3c9d3fe98a76a1d14c74a9e266d397cf6eb64be5e01/pytest-9.1.1.tar.gz", hash = "sha256:1088fbde8f2b49d95a549a195707afa7a76a3ce9bcadc26b6d71f0ffda5fe313" }
wheels = [
    { url = "https://artsz.zte.com.cn/artifactory/api/pypi/public-pypi-virtual/packages/packages/24/25/1de2678b631f5a49215c6c96fff41ba892b0a34df68d6d80292b1b48aa7f/pytest-9.1.1-py3-none-any.whl", hash = "sha256:37a86b45efb9a47a61a36449063e8e18d0cab3161329fc099eb21783169c4f0c" },
]

[[package]]
name = "ruff"
version = "0.15.20"
source = { registry = "https://artsz.zte.com.cn/artifactory/api/pypi/public-pypi-virtual/simple" }
sdist = { url = "https://artsz.zte.com.cn/artifactory/api/pypi/public-pypi-virtual/packages/packages/43/dc/35b341fc554ba02f217fc10da57d1a75168cfbcf75b0ef2202176d4c4f2d/ruff-0.15.20.tar.gz", hash = "sha256:1416eb04349192646b54de98f146c4f59afe37d0decfc02c3cbbf396f3a28566" }
wheels = [
    { url = "https://artsz.zte.com.cn/artifactory/api/pypi/public-pypi-virtual/packages/packages/94/d9/2d5014f0253ba541d2061d9fa7193f48e941c8b21bb88a7ff9bbe0bd0596/ruff-0.15.20-py3-none-linux_armv6l.whl", hash = "sha256:00e188c53e499c3c1637f73c91dcf2fb56d576cab76ce1be50a27c4e80e37078" },
    { url = "https://artsz.zte.com.cn/artifactory/api/pypi/public-pypi-virtual/packages/packages/c6/d3/ac1798ba64f670698867fcfc591d50e7e421bef137db564858f619a30fcf/ruff-0.15.20-py3-none-macosx_10_12_x86_64.whl", hash = "sha256:9ebd1fd9b9c95fc0bd7b2761aebec1f030013d2e193a2901b224af68fe47251b" },
    { url = "https://artsz.zte.com.cn/artifactory/api/pypi/public-pypi-virtual/packages/packages/47/47/d3ac899991202095dfcf3d5176be4272642be3cf981a2f1a30f72a2afb95/ruff-0.15.20-py3-none-macosx_11_0_arm64.whl", hash = "sha256:c5b16cdd67ca108185cd36dce98c576350c03b1660a751de725fb049193a0632" },
    { url = "https://artsz.zte.com.cn/artifactory/api/pypi/public-pypi-virtual/packages/packages/33/13/4e043fe30aa94d4ff5213a9881fc296d12960f5971b234a5263fdc225312/ruff-0.15.20-py3-none-manylinux_2_17_aarch64.manylinux2014_aarch64.whl", hash = "sha256:3413bb3c3d2ca6a8208f1f4809cd2dca3c6de6d0b491c0e70847672bde6e6efd" },
    { url = "https://artsz.zte.com.cn/artifactory/api/pypi/public-pypi-virtual/packages/packages/76/e6/92e7bf40388bc5800073b96564f56264f7e48bfd1a498f5ced6ae6d5a769/ruff-0.15.20-py3-none-manylinux_2_17_armv7l.manylinux2014_armv7l.whl", hash = "sha256:bd7ec42b3bb3da066488db093308a69c4ac5ee6d2af333a86ba6e2eb2e7dd44b" },
    { url = "https://artsz.zte.com.cn/artifactory/api/pypi/public-pypi-virtual/packages/packages/13/7a/43460be3f24495a3aa46d4b16873e2c4941b3b5f0b00cf88c03b7b94b339/ruff-0.15.20-py3-none-manylinux_2_17_i686.manylinux2014_i686.whl", hash = "sha256:e1a36ad0eb77fba9aabfb69ede54de6f376d04ac18ebea022847046d340a8267" },
    { url = "https://artsz.zte.com.cn/artifactory/api/pypi/public-pypi-virtual/packages/packages/27/a0/f37077884873221c6b33b4ab49eb18f9f88e54a16a25a5bca59bef46dd66/ruff-0.15.20-py3-none-manylinux_2_17_ppc64le.manylinux2014_ppc64le.whl", hash = "sha256:b6df3b1e4610432f0386dba04d853b5f08cbbc903410c6fcc02f620f05aff53c" },
    { url = "https://artsz.zte.com.cn/artifactory/api/pypi/public-pypi-virtual/packages/packages/a6/74/165545b60256a9704c21ac0ec4a0d07933b320812f9584836c9f4aca4292/ruff-0.15.20-py3-none-manylinux_2_17_s390x.manylinux2014_s390x.whl", hash = "sha256:e89f198a1ea6ef0d727c1cf16088bc91a6cb0ab947dedc966715691647186eae" },
    { url = "https://artsz.zte.com.cn/artifactory/api/pypi/public-pypi-virtual/packages/packages/86/b1/a976a136d40ade83ce743578399865f57001003a409acadc0ecbb3051082/ruff-0.15.20-py3-none-manylinux_2_17_x86_64.manylinux2014_x86_64.whl", hash = "sha256:309809086c2acb67624950a3c8133e80f32d0d3e27106c0cd60ff26657c9f24b" },
    { url = "https://artsz.zte.com.cn/artifactory/api/pypi/public-pypi-virtual/packages/packages/19/0f/f032696cb01c9b54c0263fa393474d7758f1cdc021a01b04e3cbc2500999/ruff-0.15.20-py3-none-manylinux_2_31_riscv64.whl", hash = "sha256:2d2374caa2f2c2f9e2b7da0a50802cfb8b79f55a9b5e49379f564544fbf56487" },
    { url = "https://artsz.zte.com.cn/artifactory/api/pypi/public-pypi-virtual/packages/packages/4b/f4/51b1a14bc69e8c224b15dab9cce8e99b425e0455d462caa2b3c9be2b6a8e/ruff-0.15.20-py3-none-musllinux_1_2_aarch64.whl", hash = "sha256:a1ed17b65293e0c2f22fc387bc13198a5de94bf4429589b0ff6946b0feaf21a3" },
    { url = "https://artsz.zte.com.cn/artifactory/api/pypi/public-pypi-virtual/packages/packages/71/4b/fe267640783cd02bf6c5cc290b1df1051be2ec294c678b5c15fe19e52343/ruff-0.15.20-py3-none-musllinux_1_2_armv7l.whl", hash = "sha256:f701305e66b38ea6c91882490eb73459796808e4c6362a1b765255e0cdcd4053" },
    { url = "https://artsz.zte.com.cn/artifactory/api/pypi/public-pypi-virtual/packages/packages/b0/c0/a65aa4ec2f5e87a1df32dc3ec1fede434fe3dfd5cbcf3b503cafc676ab54/ruff-0.15.20-py3-none-musllinux_1_2_i686.whl", hash = "sha256:5b9c0c367ad8e5d0d5b5b8537864c469a0a0e55417aadfbeca41fa61333be9f4" },
    { url = "https://artsz.zte.com.cn/artifactory/api/pypi/public-pypi-virtual/packages/packages/5a/a4/0caa331d954ae2723d729d351c989cb4ca8b6077d5c6c2cb6de75e98c041/ruff-0.15.20-py3-none-musllinux_1_2_x86_64.whl", hash = "sha256:01cc00dd58f0df339d0e902219dd53990ea99996a0344e5d9cc8d45d5307e460" },
    { url = "https://artsz.zte.com.cn/artifactory/api/pypi/public-pypi-virtual/packages/packages/10/9b/5f14927848d2fd4aa891fd88d883788c5a7baba561c7874732364045708c/ruff-0.15.20-py3-none-win32.whl", hash = "sha256:ed65ef510e43a137207e0f01cfcf998aeddb1aeeda5c9d35023e910284d7cf21" },
    { url = "https://artsz.zte.com.cn/artifactory/api/pypi/public-pypi-virtual/packages/packages/fa/f0/fe47c501f9dea92a26d788ff98bb5d92ed4cb4c88792c5c88af6b697dc8e/ruff-0.15.20-py3-none-win_amd64.whl", hash = "sha256:a525c81c70fb0380344dd1d8745d8cc1c890b7fc94a58d5a07bd8eb9557b8415" },
    { url = "https://artsz.zte.com.cn/artifactory/api/pypi/public-pypi-virtual/packages/packages/d7/2b/9555445e1201d92b3195f45cdb153a0b68f24e0a4273f6e3d5ab46e212bb/ruff-0.15.20-py3-none-win_arm64.whl", hash = "sha256:2f5b2a6d614e8700388806a14996c40fab2c47b819ef57d790a34878858ed9ca" },
]

[[package]]
name = "typing-extensions"
version = "4.16.0"
source = { registry = "https://artsz.zte.com.cn/artifactory/api/pypi/public-pypi-virtual/simple" }
sdist = { url = "https://artsz.zte.com.cn/artifactory/api/pypi/public-pypi-virtual/packages/packages/f6/cc/6253133b5bb138fc3306cebfbda2c520f545d36b5be2c7255cc528bb45d6/typing_extensions-4.16.0.tar.gz", hash = "sha256:dc983d19a509c94dba722ee6abd33940f7c05a89e243c47e907eb4db6f1a43e5" }
wheels = [
    { url = "https://artsz.zte.com.cn/artifactory/api/pypi/public-pypi-virtual/packages/packages/49/d3/b8441a820a491ddfc024b0b0cf0393375b75ea13866d9c66727e54c2fc80/typing_extensions-4.16.0-py3-none-any.whl", hash = "sha256:481caa481374e813c1b176ada14e97f1f67a4539ce9cfeb3f350d78d6370c2e8" },
]
